NeoBundleLock jellybeans.vim fdc7b7ecd714c9afb0a5872ae87db0b23d50ea30
NeoBundleLock neobundle.vim 88951d60547595606ea0ca8f28f643d2506f2714
NeoBundleLock neocomplete 14ae00aab05c50392eaf1fa765a6b43d83dc77ba
NeoBundleLock neosnippet 3929abc3538db6e1b5958acc5f07cdad4345f86d
NeoBundleLock neosnippet-snippets 4431bf176650696d5a8dd93814812afd0d06212c
NeoBundleLock nerdtree eee431dbd44111c858c6d33ffd366cae1f17f8b3
NeoBundleLock syntastic 675f67eea29308537438eb49b3b28a444c1e4689
NeoBundleLock tagbar 01f57ac5643b0365021ab891f78519d849867a5e
NeoBundleLock unite.vim d6767a32a9b7014a7677322e077e0888ea26be38
NeoBundleLock vim-airline 7cb5c2415172372ecd89662279350baf890dc8a0
NeoBundleLock vim-fireplace 46af4344ee29c0e898c8142d395b472ee341de00
NeoBundleLock vim-javascript 8e17e2330c4bb252d9657f1cea34159367f7cdad
NeoBundleLock vim-markdown 3c2215bfed1de1251927fbc94b2631ca27c2958f
